// !$*UTF8*$!
{
	archiveVersion = 1;
	classes = {
	};
	objectVersion = 55;
	objects = {

/* Begin PBXBuildFile section */
		D1819D7A27C4A53600E66F51 /* main.swift in Sources */ = {isa = PBXBuildFile; fileRef = D1819D7927C4A53600E66F51 /* main.swift */; };
		D1819D8127C4A83F00E66F51 /* Forest.swift in Sources */ = {isa = PBXBuildFile; fileRef = D1819D8027C4A83F00E66F51 /* Forest.swift */; };
		D1819D8327C4A89500E66F51 /* ForestDwellers.swift in Sources */ = {isa = PBXBuildFile; fileRef = D1819D8227C4A89500E66F51 /* ForestDwellers.swift */; };
		D1819D8527C4AA8300E66F51 /* Actions.swift in Sources */ = {isa = PBXBuildFile; fileRef = D1819D8427C4AA8300E66F51 /* Actions.swift */; };
		D1819D8727C4B31300E66F51 /* Predator.swift in Sources */ = {isa = PBXBuildFile; fileRef = D1819D8627C4B31300E66F51 /* Predator.swift */; };
		D1819D8927C4B38F00E66F51 /* Herbivore.swift in Sources */ = {isa = PBXBuildFile; fileRef = D1819D8827C4B38F00E66F51 /* Herbivore.swift */; };
		D1819D8B27C4B3F100E66F51 /* Plant.swift in Sources */ = {isa = PBXBuildFile; fileRef = D1819D8A27C4B3F100E66F51 /* Plant.swift */; };
		D1819D8D27C4B46200E66F51 /* Trash.swift in Sources */ = {isa = PBXBuildFile; fileRef = D1819D8C27C4B46200E66F51 /* Trash.swift */; };
/* End PBXBuildFile section */

/* Begin PBXCopyFilesBuildPhase section */
		D1819D7427C4A53600E66F51 /* CopyFiles */ = {
			isa = PBXCopyFilesBuildPhase;
			buildActionMask = 2147483647;
			dstPath = /usr/share/man/man1/;
			dstSubfolderSpec = 0;
			files = (
			);
			runOnlyForDeploymentPostprocessing = 1;
		};
/* End PBXCopyFilesBuildPhase section */

/* Begin PBXFileReference section */
		D1819D7627C4A53600E66F51 /* iOS_Lab-1 */ = {isa = PBXFileReference; explicitFileType = "compiled.mach-o.executable"; includeInIndex = 0; path = "iOS_Lab-1"; sourceTree = BUILT_PRODUCTS_DIR; };
		D1819D7927C4A53600E66F51 /* main.swift */ = {isa = PBXFileReference; lastKnownFileType = sourcecode.swift; path = main.swift; sourceTree = "<group>"; };
		D1819D8027C4A83F00E66F51 /* Forest.swift */ = {isa = PBXFileReference; lastKnownFileType = sourcecode.swift; path = Forest.swift; sourceTree = "<group>"; };
		D1819D8227C4A89500E66F51 /* ForestDwellers.swift */ = {isa = PBXFileReference; lastKnownFileType = sourcecode.swift; path = ForestDwellers.swift; sourceTree = "<group>"; };
		D1819D8427C4AA8300E66F51 /* Actions.swift */ = {isa = PBXFileReference; lastKnownFileType = sourcecode.swift; path = Actions.swift; sourceTree = "<group>"; };
		D1819D8627C4B31300E66F51 /* Predator.swift */ = {isa = PBXFileReference; lastKnownFileType = sourcecode.swift; path = Predator.swift; sourceTree = "<group>"; };
		D1819D8827C4B38F00E66F51 /* Herbivore.swift */ = {isa = PBXFileReference; lastKnownFileType = sourcecode.swift; path = Herbivore.swift; sourceTree = "<group>"; };
		D1819D8A27C4B3F100E66F51 /* Plant.swift */ = {isa = PBXFileReference; lastKnownFileType = sourcecode.swift; path = Plant.swift; sourceTree = "<group>"; };
		D1819D8C27C4B46200E66F51 /* Trash.swift */ = {isa = PBXFileReference; lastKnownFileType = sourcecode.swift; path = Trash.swift; sourceTree = "<group>"; };
/* End PBXFileReference section */

/* Begin PBXFrameworksBuildPhase section */
		D1819D7327C4A53600E66F51 /* Frameworks */ = {
			isa = PBXFrameworksBuildPhase;
			buildActionMask = 2147483647;
			files = (
			);
			runOnlyForDeploymentPostprocessing = 0;
		};
/* End PBXFrameworksBuildPhase section */

/* Begin PBXGroup section */
		D1819D6D27C4A53600E66F51 = {
			isa = PBXGroup;
			children = (
				D1819D7827C4A53600E66F51 /* iOS_Lab-1 */,
				D1819D7727C4A53600E66F51 /* Products */,
			);
			sourceTree = "<group>";
		};
		D1819D7727C4A53600E66F51 /* Products */ = {
			isa = PBXGroup;
			children = (
				D1819D7627C4A53600E66F51 /* iOS_Lab-1 */,
			);
			name = Products;
			sourceTree = "<group>";
		};
		D1819D7827C4A53600E66F51 /* iOS_Lab-1 */ = {
			isa = PBXGroup;
			children = (
				D1819D8027C4A83F00E66F51 /* Forest.swift */,
				D1819D8827C4B38F00E66F51 /* Herbivore.swift */,
				D1819D8C27C4B46200E66F51 /* Trash.swift */,
				D1819D8627C4B31300E66F51 /* Predator.swift */,
				D1819D7927C4A53600E66F51 /* main.swift */,
				D1819D8A27C4B3F100E66F51 /* Plant.swift */,
				D1819D8227C4A89500E66F51 /* ForestDwellers.swift */,
				D1819D8427C4AA8300E66F51 /* Actions.swift */,
			);
			path = "iOS_Lab-1";
			sourceTree = "<group>";
		};
/* End PBXGroup section */

/* Begin PBXNativeTarget section */
		D1819D7527C4A53600E66F51 /* iOS_Lab-1 */ = {
			isa = PBXNativeTarget;
			buildConfigurationList = D1819D7D27C4A53600E66F51 /* Build configuration list for PBXNativeTarget "iOS_Lab-1" */;
			buildPhases = (
				D1819D7227C4A53600E66F51 /* Sources */,
				D1819D7327C4A53600E66F51 /* Frameworks */,
				D1819D7427C4A53600E66F51 /* CopyFiles */,
			);
			buildRules = (
			);
			dependencies = (
			);
			name = "iOS_Lab-1";
			productName = "iOS_Lab-1";
			productReference = D1819D7627C4A53600E66F51 /* iOS_Lab-1 */;
			productType = "com.apple.product-type.tool";
		};
/* End PBXNativeTarget section */

/* Begin PBXProject section */
		D1819D6E27C4A53600E66F51 /* Project object */ = {
			isa = PBXProject;
			attributes = {
				BuildIndependentTargetsInParallel = 1;
				LastSwiftUpdateCheck = 1320;
				LastUpgradeCheck = 1320;
				TargetAttributes = {
					D1819D7527C4A53600E66F51 = {
						CreatedOnToolsVersion = 13.2.1;
					};
				};
			};
			buildConfigurationList = D1819D7127C4A53600E66F51 /* Build configuration list for PBXProject "iOS_Lab-1" */;
			compatibilityVersion = "Xcode 13.0";
			developmentRegion = en;
			hasScannedForEncodings = 0;
			knownRegions = (
				en,
				Base,
			);
			mainGroup = D1819D6D27C4A53600E66F51;
			productRefGroup = D1819D7727C4A53600E66F51 /* Products */;
			projectDirPath = "";
			projectRoot = "";
			targets = (
				D1819D7527C4A53600E66F51 /* iOS_Lab-1 */,
			);
		};
/* End PBXProject section */

/* Begin PBXSourcesBuildPhase section */
		D1819D7227C4A53600E66F51 /* Sources */ = {
			isa = PBXSourcesBuildPhase;
			buildActionMask = 2147483647;
			files = (
				D1819D8D27C4B46200E66F51 /* Trash.swift in Sources */,
				D1819D8127C4A83F00E66F51 /* Forest.swift in Sources */,
				D1819D8527C4AA8300E66F51 /* Actions.swift in Sources */,
				D1819D7A27C4A53600E66F51 /* main.swift in Sources */,
				D1819D8327C4A89500E66F51 /* ForestDwellers.swift in Sources */,
				D1819D8B27C4B3F100E66F51 /* Plant.swift in Sources */,
				D1819D8927C4B38F00E66F51 /* Herbivore.swift in Sources */,
				D1819D8727C4B31300E66F51 /* Predator.swift in Sources */,
			);
			runOnlyForDeploymentPostprocessing = 0;
		};
/* End PBXSourcesBuildPhase section */

/* Begin XCBuildConfiguration section */
		D1819D7B27C4A53600E66F51 /* Debug */ = {
			isa = XCBuildConfiguration;
			buildSettings = {
				ALWAYS_SEARCH_USER_PATHS = NO;
				CLANG_ANALYZER_NONNULL = YES;
				CLANG_ANALYZER_NUMBER_OBJECT_CONVERSION = YES_AGGRESSIVE;
				CLANG_CXX_LANGUAGE_STANDARD = "gnu++17";
				CLANG_CXX_LIBRARY = "libc++";
				CLANG_ENABLE_MODULES = YES;
				CLANG_ENABLE_OBJC_ARC = YES;
				CLANG_ENABLE_OBJC_WEAK = YES;
				CLANG_WARN_BLOCK_CAPTURE_AUTORELEASING = YES;
				CLANG_WARN_BOOL_CONVERSION = YES;
				CLANG_WARN_COMMA = YES;
				CLANG_WARN_CONSTANT_CONVERSION = YES;
				CLANG_WARN_DEPRECATED_OBJC_IMPLEMENTATIONS = YES;
				CLANG_WARN_DIRECT_OBJC_ISA_USAGE = YES_ERROR;
				CLANG_WARN_DOCUMENTATION_COMMENTS = YES;
				CLANG_WARN_EMPTY_BODY = YES;
				CLANG_WARN_ENUM_CONVERSION = YES;
				CLANG_WARN_INFINITE_RECURSION = YES;
				CLANG_WARN_INT_CONVERSION = YES;
				CLANG_WARN_NON_LITERAL_NULL_CONVERSION = YES;
				CLANG_WARN_OBJC_IMPLICIT_RETAIN_SELF = YES;
				CLANG_WARN_OBJC_LITERAL_CONVERSION = YES;
				CLANG_WARN_OBJC_ROOT_CLASS = YES_ERROR;
				CLANG_WARN_QUOTED_INCLUDE_IN_FRAMEWORK_HEADER = YES;
				CLANG_WARN_RANGE_LOOP_ANALYSIS = YES;
				CLANG_WARN_STRICT_PROTOTYPES = YES;
				CLANG_WARN_SUSPICIOUS_MOVE = YES;
				CLANG_WARN_UNGUARDED_AVAILABILITY = YES_AGGRESSIVE;
				CLANG_WARN_UNREACHABLE_CODE = YES;
				CLANG_WARN__DUPLICATE_METHOD_MATCH = YES;
				COPY_PHASE_STRIP = NO;
				DEBUG_INFORMATION_FORMAT = dwarf;
				ENABLE_STRICT_OBJC_MSGSEND = YES;
				ENABLE_TESTABILITY = YES;
				GCC_C_LANGUAGE_STANDARD = gnu11;
				GCC_DYNAMIC_NO_PIC = NO;
				GCC_NO_COMMON_BLOCKS = YES;
				GCC_OPTIMIZATION_LEVEL = 0;
				GCC_PREPROCESSOR_DEFINITIONS = (
					"DEBUG=1",
					"$(inherited)",
				);
				GCC_WARN_64_TO_32_BIT_CONVERSION = YES;
				GCC_WARN_ABOUT_RETURN_TYPE = YES_ERROR;
				GCC_WARN_UNDECLARED_SELECTOR = YES;
				GCC_WARN_UNINITIALIZED_AUTOS = YES_AGGRESSIVE;
				GCC_WARN_UNUSED_FUNCTION = YES;
				GCC_WARN_UNUSED_VARIABLE = YES;
				MACOSX_DEPLOYMENT_TARGET = 12.1;
				MTL_ENABLE_DEBUG_INFO = INCLUDE_SOURCE;
				MTL_FAST_MATH = YES;
				ONLY_ACTIVE_ARCH = YES;
				SDKROOT = macosx;
				SWIFT_ACTIVE_COMPILATION_CONDITIONS = DEBUG;
				SWIFT_OPTIMIZATION_LEVEL = "-Onone";
			};
			name = Debug;
		};
		D1819D7C27C4A53600E66F51 /* Release */ = {
			isa = XCBuildConfiguration;
			buildSettings = {
				ALWAYS_SEARCH_USER_PATHS = NO;
				CLANG_ANALYZER_NONNULL = YES;
				CLANG_ANALYZER_NUMBER_OBJECT_CONVERSION = YES_AGGRESSIVE;
				CLANG_CXX_LANGUAGE_STANDARD = "gnu++17";
				CLANG_CXX_LIBRARY = "libc++";
				CLANG_ENABLE_MODULES = YES;
				CLANG_ENABLE_OBJC_ARC = YES;
				CLANG_ENABLE_OBJC_WEAK = YES;
				CLANG_WARN_BLOCK_CAPTURE_AUTORELEASING = YES;
				CLANG_WARN_BOOL_CONVERSION = YES;
				CLANG_WARN_COMMA = YES;
				CLANG_WARN_CONSTANT_CONVERSION = YES;
				CLANG_WARN_DEPRECATED_OBJC_IMPLEMENTATIONS = YES;
				CLANG_WARN_DIRECT_OBJC_ISA_USAGE = YES_ERROR;
				CLANG_WARN_DOCUMENTATION_COMMENTS = YES;
				CLANG_WARN_EMPTY_BODY = YES;
				CLANG_WARN_ENUM_CONVERSION = YES;
				CLANG_WARN_INFINITE_RECURSION = YES;
				CLANG_WARN_INT_CONVERSION = YES;
				CLANG_WARN_NON_LITERAL_NULL_CONVERSION = YES;
				CLANG_WARN_OBJC_IMPLICIT_RETAIN_SELF = YES;
				CLANG_WARN_OBJC_LITERAL_CONVERSION = YES;
				CLANG_WARN_OBJC_ROOT_CLASS = YES_ERROR;
				CLANG_WARN_QUOTED_INCLUDE_IN_FRAMEWORK_HEADER = YES;
				CLANG_WARN_RANGE_LOOP_ANALYSIS = YES;
				CLANG_WARN_STRICT_PROTOTYPES = YES;
				CLANG_WARN_SUSPICIOUS_MOVE = YES;
				CLANG_WARN_UNGUARDED_AVAILABILITY = YES_AGGRESSIVE;
				CLANG_WARN_UNREACHABLE_CODE = YES;
				CLANG_WARN__DUPLICATE_METHOD_MATCH = YES;
				COPY_PHASE_STRIP = NO;
				DEBUG_INFORMATION_FORMAT = "dwarf-with-dsym";
				ENABLE_NS_ASSERTIONS = NO;
				ENABLE_STRICT_OBJC_MSGSEND = YES;
				GCC_C_LANGUAGE_STANDARD = gnu11;
				GCC_NO_COMMON_BLOCKS = YES;
				GCC_WARN_64_TO_32_BIT_CONVERSION = YES;
				GCC_WARN_ABOUT_RETURN_TYPE = YES_ERROR;
				GCC_WARN_UNDECLARED_SELECTOR = YES;
				GCC_WARN_UNINITIALIZED_AUTOS = YES_AGGRESSIVE;
				GCC_WARN_UNUSED_FUNCTION = YES;
				GCC_WARN_UNUSED_VARIABLE = YES;
				MACOSX_DEPLOYMENT_TARGET = 12.1;
				MTL_ENABLE_DEBUG_INFO = NO;
				MTL_FAST_MATH = YES;
				SDKROOT = macosx;
				SWIFT_COMPILATION_MODE = wholemodule;
				SWIFT_OPTIMIZATION_LEVEL = "-O";
			};
			name = Release;
		};
		D1819D7E27C4A53600E66F51 /* Debug */ = {
			isa = XCBuildConfiguration;
			buildSettings = {
				CODE_SIGN_STYLE = Automatic;
				PRODUCT_NAME = "$(TARGET_NAME)";
				SWIFT_VERSION = 5.0;
			};
			name = Debug;
		};
		D1819D7F27C4A53600E66F51 /* Release */ = {
			isa = XCBuildConfiguration;
			buildSettings = {
				CODE_SIGN_STYLE = Automatic;
				PRODUCT_NAME = "$(TARGET_NAME)";
				SWIFT_VERSION = 5.0;
			};
			name = Release;
		};
/* End XCBuildConfiguration section */

/* Begin XCConfigurationList section */
		D1819D7127C4A53600E66F51 /* Build configuration list for PBXProject "iOS_Lab-1" */ = {
			isa = XCConfigurationList;
			buildConfigurations = (
				D1819D7B27C4A53600E66F51 /* Debug */,
				D1819D7C27C4A53600E66F51 /* Release */,
			);
			defaultConfigurationIsVisible = 0;
			defaultConfigurationName = Release;
		};
		D1819D7D27C4A53600E66F51 /* Build configuration list for PBXNativeTarget "iOS_Lab-1" */ = {
			isa = XCConfigurationList;
			buildConfigurations = (
				D1819D7E27C4A53600E66F51 /* Debug */,
				D1819D7F27C4A53600E66F51 /* Release */,
			);
			defaultConfigurationIsVisible = 0;
			defaultConfigurationName = Release;
		};
/* End XCConfigurationList section */
	};
	rootObject = D1819D6E27C4A53600E66F51 /* Project object */;
}
